
Microsoft Visual Studio Solution File, Format Version 12.00
# Visual Studio Version 16
VisualStudioVersion = 16.0.30907.101
MinimumVisualStudioVersion = 10.0.40219.1
Project("{9A19103F-16F7-4668-BE54-9A1E7A4F7556}") = "NetCoro", "NetCoro\NetCoro.csproj", "{08D2CF45-F683-48FD-8BC7-EAB2840FC2E4}"
EndProject
Project("{9A19103F-16F7-4668-BE54-9A1E7A4F7556}") = "Test", "Test\Test.csproj", "{2F5C892E-2FE5-4AEB-9F44-EDBC8A96FF98}"
EndProject
Project("{9A19103F-16F7-4668-BE54-9A1E7A4F7556}") = "Examples", "Examples\Examples.csproj", "{8D99E111-BC05-4418-9FA0-A09E118F2576}"
EndProject
Global
	GlobalSection(SolutionConfigurationPlatforms) = preSolution
		Debug|Any CPU = Debug|Any CPU
		Release|Any CPU = Release|Any CPU
	EndGlobalSection
	GlobalSection(ProjectConfigurationPlatforms) = postSolution
		{08D2CF45-F683-48FD-8BC7-EAB2840FC2E4}.Debug|Any CPU.ActiveCfg = Debug|Any CPU
		{08D2CF45-F683-48FD-8BC7-EAB2840FC2E4}.Debug|Any CPU.Build.0 = Debug|Any CPU
		{08D2CF45-F683-48FD-8BC7-EAB2840FC2E4}.Release|Any CPU.ActiveCfg = Release|Any CPU
		{08D2CF45-F683-48FD-8BC7-EAB2840FC2E4}.Release|Any CPU.Build.0 = Release|Any CPU
		{2F5C892E-2FE5-4AEB-9F44-EDBC8A96FF98}.Debug|Any CPU.ActiveCfg = Debug|Any CPU
		{2F5C892E-2FE5-4AEB-9F44-EDBC8A96FF98}.Debug|Any CPU.Build.0 = Debug|Any CPU
		{2F5C892E-2FE5-4AEB-9F44-EDBC8A96FF98}.Release|Any CPU.ActiveCfg = Release|Any CPU
		{2F5C892E-2FE5-4AEB-9F44-EDBC8A96FF98}.Release|Any CPU.Build.0 = Release|Any CPU
		{8D99E111-BC05-4418-9FA0-A09E118F2576}.Debug|Any CPU.ActiveCfg = Debug|Any CPU
		{8D99E111-BC05-4418-9FA0-A09E118F2576}.Debug|Any CPU.Build.0 = Debug|Any CPU
		{8D99E111-BC05-4418-9FA0-A09E118F2576}.Release|Any CPU.ActiveCfg = Release|Any CPU
		{8D99E111-BC05-4418-9FA0-A09E118F2576}.Release|Any CPU.Build.0 = Release|Any CPU
	EndGlobalSection
	GlobalSection(SolutionProperties) = preSolution
		HideSolutionNode = FALSE
	EndGlobalSection
	GlobalSection(ExtensibilityGlobals) = postSolution
		SolutionGuid = {02C23323-DE71-4A7D-AEAF-D6F98EEA8EDE}
	EndGlobalSection
EndGlobal
